// !$*UTF8*$!
{
	archiveVersion = 1;
	classes = {
	};
	objectVersion = 56;
	objects = {

/* Begin PBXBuildFile section */
		1753EA662BCE63B7006F380C /* TripManagementApp.swift in Sources */ = {isa = PBXBuildFile; fileRef = 1753EA652BCE63B7006F380C /* TripManagementApp.swift */; };
		1753EA682BCE63B7006F380C /* ContentView.swift in Sources */ = {isa = PBXBuildFile; fileRef = 1753EA672BCE63B7006F380C /* ContentView.swift */; };
		1753EA6A2BCE63B7006F380C /* Item.swift in Sources */ = {isa = PBXBuildFile; fileRef = 1753EA692BCE63B7006F380C /* Item.swift */; };
		1753EA6C2BCE63B8006F380C /* Assets.xcassets in Resources */ = {isa = PBXBuildFile; fileRef = 1753EA6B2BCE63B8006F380C /* Assets.xcassets */; };
		1753EA6F2BCE63B8006F380C /* Preview Assets.xcassets in Resources */ = {isa = PBXBuildFile; fileRef = 1753EA6E2BCE63B8006F380C /* Preview Assets.xcassets */; };
		1753EA762BCF6B4B006F380C /* OnBoardingView.swift in Sources */ = {isa = PBXBuildFile; fileRef = 1753EA752BCF6B4B006F380C /* OnBoardingView.swift */; };
		1753EA782BCF6BFB006F380C /* CreateORJoin.swift in Sources */ = {isa = PBXBuildFile; fileRef = 1753EA772BCF6BFB006F380C /* CreateORJoin.swift */; };
		1753EA7A2BCF6C3C006F380C /* Login.swift in Sources */ = {isa = PBXBuildFile; fileRef = 1753EA792BCF6C3C006F380C /* Login.swift */; };
		1753EA7C2BCF6C4D006F380C /* SignUp.swift in Sources */ = {isa = PBXBuildFile; fileRef = 1753EA7B2BCF6C4D006F380C /* SignUp.swift */; };
		1753EA7E2BCF6C9C006F380C /* TripInfoSettings.swift in Sources */ = {isa = PBXBuildFile; fileRef = 1753EA7D2BCF6C9C006F380C /* TripInfoSettings.swift */; };
		1753EA802BCF6CD5006F380C /* MeetingSpotsInfo.swift in Sources */ = {isa = PBXBuildFile; fileRef = 1753EA7F2BCF6CD5006F380C /* MeetingSpotsInfo.swift */; };
		1753EA822BCF6CE7006F380C /* TheTrip.swift in Sources */ = {isa = PBXBuildFile; fileRef = 1753EA812BCF6CE7006F380C /* TheTrip.swift */; };
		1753EA842BCF6D02006F380C /* JoinFriends.swift in Sources */ = {isa = PBXBuildFile; fileRef = 1753EA832BCF6D02006F380C /* JoinFriends.swift */; };
		1753EA862BCF6D17006F380C /* Settings.swift in Sources */ = {isa = PBXBuildFile; fileRef = 1753EA852BCF6D17006F380C /* Settings.swift */; };
		1753EA882BCF6D21006F380C /* Account.swift in Sources */ = {isa = PBXBuildFile; fileRef = 1753EA872BCF6D21006F380C /* Account.swift */; };
/* End PBXBuildFile section */

/* Begin PBXFileReference section */
		1753EA622BCE63B7006F380C /* TripManagement.app */ = {isa = PBXFileReference; explicitFileType = wrapper.application; includeInIndex = 0; path = TripManagement.app; sourceTree = BUILT_PRODUCTS_DIR; };
		1753EA652BCE63B7006F380C /* TripManagementApp.swift */ = {isa = PBXFileReference; lastKnownFileType = sourcecode.swift; path = TripManagementApp.swift; sourceTree = "<group>"; };
		1753EA672BCE63B7006F380C /* ContentView.swift */ = {isa = PBXFileReference; lastKnownFileType = sourcecode.swift; path = ContentView.swift; sourceTree = "<group>"; };
		1753EA692BCE63B7006F380C /* Item.swift */ = {isa = PBXFileReference; lastKnownFileType = sourcecode.swift; path = Item.swift; sourceTree = "<group>"; };
		1753EA6B2BCE63B8006F380C /* Assets.xcassets */ = {isa = PBXFileReference; lastKnownFileType = folder.assetcatalog; path = Assets.xcassets; sourceTree = "<group>"; };
		1753EA6E2BCE63B8006F380C /* Preview Assets.xcassets */ = {isa = PBXFileReference; lastKnownFileType = folder.assetcatalog; path = "Preview Assets.xcassets"; sourceTree = "<group>"; };
		1753EA752BCF6B4B006F380C /* OnBoardingView.swift */ = {isa = PBXFileReference; lastKnownFileType = sourcecode.swift; path = OnBoardingView.swift; sourceTree = "<group>"; };
		1753EA772BCF6BFB006F380C /* CreateORJoin.swift */ = {isa = PBXFileReference; lastKnownFileType = sourcecode.swift; path = CreateORJoin.swift; sourceTree = "<group>"; };
		1753EA792BCF6C3C006F380C /* Login.swift */ = {isa = PBXFileReference; lastKnownFileType = sourcecode.swift; path = Login.swift; sourceTree = "<group>"; };
		1753EA7B2BCF6C4D006F380C /* SignUp.swift */ = {isa = PBXFileReference; lastKnownFileType = sourcecode.swift; path = SignUp.swift; sourceTree = "<group>"; };
		1753EA7D2BCF6C9C006F380C /* TripInfoSettings.swift */ = {isa = PBXFileReference; lastKnownFileType = sourcecode.swift; path = TripInfoSettings.swift; sourceTree = "<group>"; };
		1753EA7F2BCF6CD5006F380C /* MeetingSpotsInfo.swift */ = {isa = PBXFileReference; lastKnownFileType = sourcecode.swift; path = MeetingSpotsInfo.swift; sourceTree = "<group>"; };
		1753EA812BCF6CE7006F380C /* TheTrip.swift */ = {isa = PBXFileReference; lastKnownFileType = sourcecode.swift; path = TheTrip.swift; sourceTree = "<group>"; };
		1753EA832BCF6D02006F380C /* JoinFriends.swift */ = {isa = PBXFileReference; lastKnownFileType = sourcecode.swift; path = JoinFriends.swift; sourceTree = "<group>"; };
		1753EA852BCF6D17006F380C /* Settings.swift */ = {isa = PBXFileReference; lastKnownFileType = sourcecode.swift; path = Settings.swift; sourceTree = "<group>"; };
		1753EA872BCF6D21006F380C /* Account.swift */ = {isa = PBXFileReference; lastKnownFileType = sourcecode.swift; path = Account.swift; sourceTree = "<group>"; };
/* End PBXFileReference section */

/* Begin PBXFrameworksBuildPhase section */
		1753EA5F2BCE63B7006F380C /* Frameworks */ = {
			isa = PBXFrameworksBuildPhase;
			buildActionMask = 2147483647;
			files = (
			);
			runOnlyForDeploymentPostprocessing = 0;
		};
/* End PBXFrameworksBuildPhase section */

/* Begin PBXGroup section */
		1753EA592BCE63B7006F380C = {
			isa = PBXGroup;
			children = (
				1753EA642BCE63B7006F380C /* TripManagement */,
				1753EA632BCE63B7006F380C /* Products */,
			);
			sourceTree = "<group>";
		};
		1753EA632BCE63B7006F380C /* Products */ = {
			isa = PBXGroup;
			children = (
				1753EA622BCE63B7006F380C /* TripManagement.app */,
			);
			name = Products;
			sourceTree = "<group>";
		};
		1753EA642BCE63B7006F380C /* TripManagement */ = {
			isa = PBXGroup;
			children = (
				1753EA652BCE63B7006F380C /* TripManagementApp.swift */,
				1753EA672BCE63B7006F380C /* ContentView.swift */,
				1753EA692BCE63B7006F380C /* Item.swift */,
				1753EA6B2BCE63B8006F380C /* Assets.xcassets */,
				1753EA6D2BCE63B8006F380C /* Preview Content */,
				1753EA772BCF6BFB006F380C /* CreateORJoin.swift */,
				1753EA752BCF6B4B006F380C /* OnBoardingView.swift */,
				1753EA792BCF6C3C006F380C /* Login.swift */,
				1753EA7B2BCF6C4D006F380C /* SignUp.swift */,
				1753EA7D2BCF6C9C006F380C /* TripInfoSettings.swift */,
				1753EA7F2BCF6CD5006F380C /* MeetingSpotsInfo.swift */,
				1753EA812BCF6CE7006F380C /* TheTrip.swift */,
				1753EA832BCF6D02006F380C /* JoinFriends.swift */,
				1753EA852BCF6D17006F380C /* Settings.swift */,
				1753EA872BCF6D21006F380C /* Account.swift */,
			);
			path = TripManagement;
			sourceTree = "<group>";
		};
		1753EA6D2BCE63B8006F380C /* Preview Content */ = {
			isa = PBXGroup;
			children = (
				1753EA6E2BCE63B8006F380C /* Preview Assets.xcassets */,
			);
			path = "Preview Content";
			sourceTree = "<group>";
		};
/* End PBXGroup section */

/* Begin PBXNativeTarget section */
		1753EA612BCE63B7006F380C /* TripManagement */ = {
			isa = PBXNativeTarget;
			buildConfigurationList = 1753EA722BCE63B8006F380C /* Build configuration list for PBXNativeTarget "TripManagement" */;
			buildPhases = (
				1753EA5E2BCE63B7006F380C /* Sources */,
				1753EA5F2BCE63B7006F380C /* Frameworks */,
				1753EA602BCE63B7006F380C /* Resources */,
			);
			buildRules = (
			);
			dependencies = (
			);
			name = TripManagement;
			productName = TripManagement;
			productReference = 1753EA622BCE63B7006F380C /* TripManagement.app */;
			productType = "com.apple.product-type.application";
		};
/* End PBXNativeTarget section */

/* Begin PBXProject section */
		1753EA5A2BCE63B7006F380C /* Project object */ = {
			isa = PBXProject;
			attributes = {
				BuildIndependentTargetsInParallel = 1;
				LastSwiftUpdateCheck = 1520;
				LastUpgradeCheck = 1520;
				TargetAttributes = {
					1753EA612BCE63B7006F380C = {
						CreatedOnToolsVersion = 15.2;
					};
				};
			};
			buildConfigurationList = 1753EA5D2BCE63B7006F380C /* Build configuration list for PBXProject "TripManagement" */;
			compatibilityVersion = "Xcode 14.0";
			developmentRegion = en;
			hasScannedForEncodings = 0;
			knownRegions = (
				en,
				Base,
			);
			mainGroup = 1753EA592BCE63B7006F380C;
			productRefGroup = 1753EA632BCE63B7006F380C /* Products */;
			projectDirPath = "";
			projectRoot = "";
			targets = (
				1753EA612BCE63B7006F380C /* TripManagement */,
			);
		};
/* End PBXProject section */

/* Begin PBXResourcesBuildPhase section */
		1753EA602BCE63B7006F380C /* Resources */ = {
			isa = PBXResourcesBuildPhase;
			buildActionMask = 2147483647;
			files = (
				1753EA6F2BCE63B8006F380C /* Preview Assets.xcassets in Resources */,
				1753EA6C2BCE63B8006F380C /* Assets.xcassets in Resources */,
			);
			runOnlyForDeploymentPostprocessing = 0;
		};
/* End PBXResourcesBuildPhase section */

/* Begin PBXSourcesBuildPhase section */
		1753EA5E2BCE63B7006F380C /* Sources */ = {
			isa = PBXSourcesBuildPhase;
			buildActionMask = 2147483647;
			files = (
				1753EA822BCF6CE7006F380C /* TheTrip.swift in Sources */,
				1753EA882BCF6D21006F380C /* Account.swift in Sources */,
				1753EA7C2BCF6C4D006F380C /* SignUp.swift in Sources */,
				1753EA782BCF6BFB006F380C /* CreateORJoin.swift in Sources */,
				1753EA682BCE63B7006F380C /* ContentView.swift in Sources */,
				1753EA762BCF6B4B006F380C /* OnBoardingView.swift in Sources */,
				1753EA842BCF6D02006F380C /* JoinFriends.swift in Sources */,
				1753EA862BCF6D17006F380C /* Settings.swift in Sources */,
				1753EA7A2BCF6C3C006F380C /* Login.swift in Sources */,
				1753EA7E2BCF6C9C006F380C /* TripInfoSettings.swift in Sources */,
				1753EA6A2BCE63B7006F380C /* Item.swift in Sources */,
				1753EA802BCF6CD5006F380C /* MeetingSpotsInfo.swift in Sources */,
				1753EA662BCE63B7006F380C /* TripManagementApp.swift in Sources */,
			);
			runOnlyForDeploymentPostprocessing = 0;
		};
/* End PBXSourcesBuildPhase section */

/* Begin XCBuildConfiguration section */
		1753EA702BCE63B8006F380C /* Debug */ = {
			isa = XCBuildConfiguration;
			buildSettings = {
				ALWAYS_SEARCH_USER_PATHS = NO;
				ASSETCATALOG_COMPILER_GENERATE_SWIFT_ASSET_SYMBOL_EXTENSIONS = YES;
				CLANG_ANALYZER_NONNULL = YES;
				CLANG_ANALYZER_NUMBER_OBJECT_CONVERSION = YES_AGGRESSIVE;
				CLANG_CXX_LANGUAGE_STANDARD = "gnu++20";
				CLANG_ENABLE_MODULES = YES;
				CLANG_ENABLE_OBJC_ARC = YES;
				CLANG_ENABLE_OBJC_WEAK = YES;
				CLANG_WARN_BLOCK_CAPTURE_AUTORELEASING = YES;
				CLANG_WARN_BOOL_CONVERSION = YES;
				CLANG_WARN_COMMA = YES;
				CLANG_WARN_CONSTANT_CONVERSION = YES;
				CLANG_WARN_DEPRECATED_OBJC_IMPLEMENTATIONS = YES;
				CLANG_WARN_DIRECT_OBJC_ISA_USAGE = YES_ERROR;
				CLANG_WARN_DOCUMENTATION_COMMENTS = YES;
				CLANG_WARN_EMPTY_BODY = YES;
				CLANG_WARN_ENUM_CONVERSION = YES;
				CLANG_WARN_INFINITE_RECURSION = YES;
				CLANG_WARN_INT_CONVERSION = YES;
				CLANG_WARN_NON_LITERAL_NULL_CONVERSION = YES;
				CLANG_WARN_OBJC_IMPLICIT_RETAIN_SELF = YES;
				CLANG_WARN_OBJC_LITERAL_CONVERSION = YES;
				CLANG_WARN_OBJC_ROOT_CLASS = YES_ERROR;
				CLANG_WARN_QUOTED_INCLUDE_IN_FRAMEWORK_HEADER = YES;
				CLANG_WARN_RANGE_LOOP_ANALYSIS = YES;
				CLANG_WARN_STRICT_PROTOTYPES = YES;
				CLANG_WARN_SUSPICIOUS_MOVE = YES;
				CLANG_WARN_UNGUARDED_AVAILABILITY = YES_AGGRESSIVE;
				CLANG_WARN_UNREACHABLE_CODE = YES;
				CLANG_WARN__DUPLICATE_METHOD_MATCH = YES;
				COPY_PHASE_STRIP = NO;
				DEBUG_INFORMATION_FORMAT = dwarf;
				ENABLE_STRICT_OBJC_MSGSEND = YES;
				ENABLE_TESTABILITY = YES;
				ENABLE_USER_SCRIPT_SANDBOXING = YES;
				GCC_C_LANGUAGE_STANDARD = gnu17;
				GCC_DYNAMIC_NO_PIC = NO;
				GCC_NO_COMMON_BLOCKS = YES;
				GCC_OPTIMIZATION_LEVEL = 0;
				GCC_PREPROCESSOR_DEFINITIONS = (
					"DEBUG=1",
					"$(inherited)",
				);
				GCC_WARN_64_TO_32_BIT_CONVERSION = YES;
				GCC_WARN_ABOUT_RETURN_TYPE = YES_ERROR;
				GCC_WARN_UNDECLARED_SELECTOR = YES;
				GCC_WARN_UNINITIALIZED_AUTOS = YES_AGGRESSIVE;
				GCC_WARN_UNUSED_FUNCTION = YES;
				GCC_WARN_UNUSED_VARIABLE = YES;
				IPHONEOS_DEPLOYMENT_TARGET = 17.2;
				LOCALIZATION_PREFERS_STRING_CATALOGS = YES;
				MTL_ENABLE_DEBUG_INFO = INCLUDE_SOURCE;
				MTL_FAST_MATH = YES;
				ONLY_ACTIVE_ARCH = YES;
				SDKROOT = iphoneos;
				SWIFT_ACTIVE_COMPILATION_CONDITIONS = "DEBUG $(inherited)";
				SWIFT_OPTIMIZATION_LEVEL = "-Onone";
			};
			name = Debug;
		};
		1753EA712BCE63B8006F380C /* Release */ = {
			isa = XCBuildConfiguration;
			buildSettings = {
				ALWAYS_SEARCH_USER_PATHS = NO;
				ASSETCATALOG_COMPILER_GENERATE_SWIFT_ASSET_SYMBOL_EXTENSIONS = YES;
				CLANG_ANALYZER_NONNULL = YES;
				CLANG_ANALYZER_NUMBER_OBJECT_CONVERSION = YES_AGGRESSIVE;
				CLANG_CXX_LANGUAGE_STANDARD = "gnu++20";
				CLANG_ENABLE_MODULES = YES;
				CLANG_ENABLE_OBJC_ARC = YES;
				CLANG_ENABLE_OBJC_WEAK = YES;
				CLANG_WARN_BLOCK_CAPTURE_AUTORELEASING = YES;
				CLANG_WARN_BOOL_CONVERSION = YES;
				CLANG_WARN_COMMA = YES;
				CLANG_WARN_CONSTANT_CONVERSION = YES;
				CLANG_WARN_DEPRECATED_OBJC_IMPLEMENTATIONS = YES;
				CLANG_WARN_DIRECT_OBJC_ISA_USAGE = YES_ERROR;
				CLANG_WARN_DOCUMENTATION_COMMENTS = YES;
				CLANG_WARN_EMPTY_BODY = YES;
				CLANG_WARN_ENUM_CONVERSION = YES;
				CLANG_WARN_INFINITE_RECURSION = YES;
				CLANG_WARN_INT_CONVERSION = YES;
				CLANG_WARN_NON_LITERAL_NULL_CONVERSION = YES;
				CLANG_WARN_OBJC_IMPLICIT_RETAIN_SELF = YES;
				CLANG_WARN_OBJC_LITERAL_CONVERSION = YES;
				CLANG_WARN_OBJC_ROOT_CLASS = YES_ERROR;
				CLANG_WARN_QUOTED_INCLUDE_IN_FRAMEWORK_HEADER = YES;
				CLANG_WARN_RANGE_LOOP_ANALYSIS = YES;
				CLANG_WARN_STRICT_PROTOTYPES = YES;
				CLANG_WARN_SUSPICIOUS_MOVE = YES;
				CLANG_WARN_UNGUARDED_AVAILABILITY = YES_AGGRESSIVE;
				CLANG_WARN_UNREACHABLE_CODE = YES;
				CLANG_WARN__DUPLICATE_METHOD_MATCH = YES;
				COPY_PHASE_STRIP = NO;
				DEBUG_INFORMATION_FORMAT = "dwarf-with-dsym";
				ENABLE_NS_ASSERTIONS = NO;
				ENABLE_STRICT_OBJC_MSGSEND = YES;
				ENABLE_USER_SCRIPT_SANDBOXING = YES;
				GCC_C_LANGUAGE_STANDARD = gnu17;
				GCC_NO_COMMON_BLOCKS = YES;
				GCC_WARN_64_TO_32_BIT_CONVERSION = YES;
				GCC_WARN_ABOUT_RETURN_TYPE = YES_ERROR;
				GCC_WARN_UNDECLARED_SELECTOR = YES;
				GCC_WARN_UNINITIALIZED_AUTOS = YES_AGGRESSIVE;
				GCC_WARN_UNUSED_FUNCTION = YES;
				GCC_WARN_UNUSED_VARIABLE = YES;
				IPHONEOS_DEPLOYMENT_TARGET = 17.2;
				LOCALIZATION_PREFERS_STRING_CATALOGS = YES;
				MTL_ENABLE_DEBUG_INFO = NO;
				MTL_FAST_MATH = YES;
				SDKROOT = iphoneos;
				SWIFT_COMPILATION_MODE = wholemodule;
				VALIDATE_PRODUCT = YES;
			};
			name = Release;
		};
		1753EA732BCE63B8006F380C /* Debug */ = {
			isa = XCBuildConfiguration;
			buildSettings = {
				ASSETCATALOG_COMPILER_APPICON_NAME = AppIcon;
				ASSETCATALOG_COMPILER_GLOBAL_ACCENT_COLOR_NAME = AccentColor;
				CODE_SIGN_STYLE = Automatic;
				CURRENT_PROJECT_VERSION = 1;
				DEVELOPMENT_ASSET_PATHS = "\"TripManagement/Preview Content\"";
				DEVELOPMENT_TEAM = PHF334QSRA;
				ENABLE_PREVIEWS = YES;
				GENERATE_INFOPLIST_FILE = YES;
				INFOPLIST_KEY_UIApplicationSceneManifest_Generation = YES;
				INFOPLIST_KEY_UIApplicationSupportsIndirectInputEvents = YES;
				INFOPLIST_KEY_UILaunchScreen_Generation = YES;
				INFOPLIST_KEY_UISupportedInterfaceOrientations_iPad = "UIInterfaceOrientationPortrait UIInterfaceOrientationPortraitUpsideDown UIInterfaceOrientationLandscapeLeft UIInterfaceOrientationLandscapeRight";
				INFOPLIST_KEY_UISupportedInterfaceOrientations_iPhone = "UIInterfaceOrientationPortrait UIInterfaceOrientationLandscapeLeft UIInterfaceOrientationLandscapeRight";
				LD_RUNPATH_SEARCH_PATHS = (
					"$(inherited)",
					"@executable_path/Frameworks",
				);
				MARKETING_VERSION = 1.0;
				PRODUCT_BUNDLE_IDENTIFIER = com..test.TripManagement;
				PRODUCT_NAME = "$(TARGET_NAME)";
				SWIFT_EMIT_LOC_STRINGS = YES;
				SWIFT_VERSION = 5.0;
				TARGETED_DEVICE_FAMILY = "1,2";
			};
			name = Debug;
		};
		1753EA742BCE63B8006F380C /* Release */ = {
			isa = XCBuildConfiguration;
			buildSettings = {
				ASSETCATALOG_COMPILER_APPICON_NAME = AppIcon;
				ASSETCATALOG_COMPILER_GLOBAL_ACCENT_COLOR_NAME = AccentColor;
				CODE_SIGN_STYLE = Automatic;
				CURRENT_PROJECT_VERSION = 1;
				DEVELOPMENT_ASSET_PATHS = "\"TripManagement/Preview Content\"";
				DEVELOPMENT_TEAM = PHF334QSRA;
				ENABLE_PREVIEWS = YES;
				GENERATE_INFOPLIST_FILE = YES;
				INFOPLIST_KEY_UIApplicationSceneManifest_Generation = YES;
				INFOPLIST_KEY_UIApplicationSupportsIndirectInputEvents = YES;
				INFOPLIST_KEY_UILaunchScreen_Generation = YES;
				INFOPLIST_KEY_UISupportedInterfaceOrientations_iPad = "UIInterfaceOrientationPortrait UIInterfaceOrientationPortraitUpsideDown UIInterfaceOrientationLandscapeLeft UIInterfaceOrientationLandscapeRight";
				INFOPLIST_KEY_UISupportedInterfaceOrientations_iPhone = "UIInterfaceOrientationPortrait UIInterfaceOrientationLandscapeLeft UIInterfaceOrientationLandscapeRight";
				LD_RUNPATH_SEARCH_PATHS = (
					"$(inherited)",
					"@executable_path/Frameworks",
				);
				MARKETING_VERSION = 1.0;
				PRODUCT_BUNDLE_IDENTIFIER = com..test.TripManagement;
				PRODUCT_NAME = "$(TARGET_NAME)";
				SWIFT_EMIT_LOC_STRINGS = YES;
				SWIFT_VERSION = 5.0;
				TARGETED_DEVICE_FAMILY = "1,2";
			};
			name = Release;
		};
/* End XCBuildConfiguration section */

/* Begin XCConfigurationList section */
		1753EA5D2BCE63B7006F380C /* Build configuration list for PBXProject "TripManagement" */ = {
			isa = XCConfigurationList;
			buildConfigurations = (
				1753EA702BCE63B8006F380C /* Debug */,
				1753EA712BCE63B8006F380C /* Release */,
			);
			defaultConfigurationIsVisible = 0;
			defaultConfigurationName = Release;
		};
		1753EA722BCE63B8006F380C /* Build configuration list for PBXNativeTarget "TripManagement" */ = {
			isa = XCConfigurationList;
			buildConfigurations = (
				1753EA732BCE63B8006F380C /* Debug */,
				1753EA742BCE63B8006F380C /* Release */,
			);
			defaultConfigurationIsVisible = 0;
			defaultConfigurationName = Release;
		};
/* End XCConfigurationList section */
	};
	rootObject = 1753EA5A2BCE63B7006F380C /* Project object */;
}
